// !$*UTF8*$!
{
	archiveVersion = 1;
	classes = {
	};
	objectVersion = 56;
	objects = {

/* Begin PBXBuildFile section */
		621E73B3297C51DA009CB012 /* RandomUsersClientApi.swift in Sources */ = {isa = PBXBuildFile; fileRef = 621E73B2297C51DA009CB012 /* RandomUsersClientApi.swift */; };
		621E73B7297C5210009CB012 /* User.swift in Sources */ = {isa = PBXBuildFile; fileRef = 621E73B6297C5210009CB012 /* User.swift */; };
		621E73BF297C58F6009CB012 /* RandomUsersClientApiTests.swift in Sources */ = {isa = PBXBuildFile; fileRef = 621E73BE297C58F6009CB012 /* RandomUsersClientApiTests.swift */; };
		621E73C8297C5DC4009CB012 /* UsersListView.swift in Sources */ = {isa = PBXBuildFile; fileRef = 621E73C7297C5DC4009CB012 /* UsersListView.swift */; };
		621E73CA297D77BC009CB012 /* UsersListViewModel.swift in Sources */ = {isa = PBXBuildFile; fileRef = 621E73C9297D77BC009CB012 /* UsersListViewModel.swift */; };
		62E15256297C504E006ED080 /* POCTaskAsyncAwaitApp.swift in Sources */ = {isa = PBXBuildFile; fileRef = 62E15255297C504E006ED080 /* POCTaskAsyncAwaitApp.swift */; };
		62E1525A297C5051006ED080 /* Assets.xcassets in Resources */ = {isa = PBXBuildFile; fileRef = 62E15259297C5051006ED080 /* Assets.xcassets */; };
		62E1525D297C5051006ED080 /* Preview Assets.xcassets in Resources */ = {isa = PBXBuildFile; fileRef = 62E1525C297C5051006ED080 /* Preview Assets.xcassets */; };
/* End PBXBuildFile section */

/* Begin PBXContainerItemProxy section */
		621E73C0297C58F6009CB012 /* PBXContainerItemProxy */ = {
			isa = PBXContainerItemProxy;
			containerPortal = 62E1524A297C504E006ED080 /* Project object */;
			proxyType = 1;
			remoteGlobalIDString = 62E15251297C504E006ED080;
			remoteInfo = POCTaskAsyncAwait;
		};
/* End PBXContainerItemProxy section */

/* Begin PBXFileReference section */
		621E73B2297C51DA009CB012 /* RandomUsersClientApi.swift */ = {isa = PBXFileReference; lastKnownFileType = sourcecode.swift; path = RandomUsersClientApi.swift; sourceTree = "<group>"; };
		621E73B6297C5210009CB012 /* User.swift */ = {isa = PBXFileReference; lastKnownFileType = sourcecode.swift; path = User.swift; sourceTree = "<group>"; };
		621E73BC297C58F6009CB012 /* POCTaskAsyncAwaitTests.xctest */ = {isa = PBXFileReference; explicitFileType = wrapper.cfbundle; includeInIndex = 0; path = POCTaskAsyncAwaitTests.xctest; sourceTree = BUILT_PRODUCTS_DIR; };
		621E73BE297C58F6009CB012 /* RandomUsersClientApiTests.swift */ = {isa = PBXFileReference; lastKnownFileType = sourcecode.swift; path = RandomUsersClientApiTests.swift; sourceTree = "<group>"; };
		621E73C7297C5DC4009CB012 /* UsersListView.swift */ = {isa = PBXFileReference; lastKnownFileType = sourcecode.swift; path = UsersListView.swift; sourceTree = "<group>"; };
		621E73C9297D77BC009CB012 /* UsersListViewModel.swift */ = {isa = PBXFileReference; lastKnownFileType = sourcecode.swift; path = UsersListViewModel.swift; sourceTree = "<group>"; };
		62E15252297C504E006ED080 /* POCTaskAsyncAwait.app */ = {isa = PBXFileReference; explicitFileType = wrapper.application; includeInIndex = 0; path = POCTaskAsyncAwait.app; sourceTree = BUILT_PRODUCTS_DIR; };
		62E15255297C504E006ED080 /* POCTaskAsyncAwaitApp.swift */ = {isa = PBXFileReference; lastKnownFileType = sourcecode.swift; path = POCTaskAsyncAwaitApp.swift; sourceTree = "<group>"; };
		62E15259297C5051006ED080 /* Assets.xcassets */ = {isa = PBXFileReference; lastKnownFileType = folder.assetcatalog; path = Assets.xcassets; sourceTree = "<group>"; };
		62E1525C297C5051006ED080 /* Preview Assets.xcassets */ = {isa = PBXFileReference; lastKnownFileType = folder.assetcatalog; path = "Preview Assets.xcassets"; sourceTree = "<group>"; };
/* End PBXFileReference section */

/* Begin PBXFrameworksBuildPhase section */
		621E73B9297C58F6009CB012 /* Frameworks */ = {
			isa = PBXFrameworksBuildPhase;
			buildActionMask = 2147483647;
			files = (
			);
			runOnlyForDeploymentPostprocessing = 0;
		};
		62E1524F297C504E006ED080 /* Frameworks */ = {
			isa = PBXFrameworksBuildPhase;
			buildActionMask = 2147483647;
			files = (
			);
			runOnlyForDeploymentPostprocessing = 0;
		};
/* End PBXFrameworksBuildPhase section */

/* Begin PBXGroup section */
		621E73B1297C51BA009CB012 /* Datas */ = {
			isa = PBXGroup;
			children = (
				621E73B5297C51FA009CB012 /* Sources */,
				621E73B4297C51F3009CB012 /* Models */,
			);
			path = Datas;
			sourceTree = "<group>";
		};
		621E73B4297C51F3009CB012 /* Models */ = {
			isa = PBXGroup;
			children = (
				621E73B6297C5210009CB012 /* User.swift */,
			);
			path = Models;
			sourceTree = "<group>";
		};
		621E73B5297C51FA009CB012 /* Sources */ = {
			isa = PBXGroup;
			children = (
				621E73B2297C51DA009CB012 /* RandomUsersClientApi.swift */,
			);
			path = Sources;
			sourceTree = "<group>";
		};
		621E73BD297C58F6009CB012 /* POCTaskAsyncAwaitTests */ = {
			isa = PBXGroup;
			children = (
				621E73BE297C58F6009CB012 /* RandomUsersClientApiTests.swift */,
			);
			path = POCTaskAsyncAwaitTests;
			sourceTree = "<group>";
		};
		621E73C5297C5D86009CB012 /* Screens */ = {
			isa = PBXGroup;
			children = (
				621E73C6297C5DAC009CB012 /* UsersList */,
			);
			path = Screens;
			sourceTree = "<group>";
		};
		621E73C6297C5DAC009CB012 /* UsersList */ = {
			isa = PBXGroup;
			children = (
				621E73C7297C5DC4009CB012 /* UsersListView.swift */,
				621E73C9297D77BC009CB012 /* UsersListViewModel.swift */,
			);
			path = UsersList;
			sourceTree = "<group>";
		};
		62E15249297C504E006ED080 = {
			isa = PBXGroup;
			children = (
				62E15254297C504E006ED080 /* POCTaskAsyncAwait */,
				621E73BD297C58F6009CB012 /* POCTaskAsyncAwaitTests */,
				62E15253297C504E006ED080 /* Products */,
			);
			sourceTree = "<group>";
		};
		62E15253297C504E006ED080 /* Products */ = {
			isa = PBXGroup;
			children = (
				62E15252297C504E006ED080 /* POCTaskAsyncAwait.app */,
				621E73BC297C58F6009CB012 /* POCTaskAsyncAwaitTests.xctest */,
			);
			name = Products;
			sourceTree = "<group>";
		};
		62E15254297C504E006ED080 /* POCTaskAsyncAwait */ = {
			isa = PBXGroup;
			children = (
				621E73C5297C5D86009CB012 /* Screens */,
				621E73B1297C51BA009CB012 /* Datas */,
				62E15255297C504E006ED080 /* POCTaskAsyncAwaitApp.swift */,
				62E15259297C5051006ED080 /* Assets.xcassets */,
				62E1525B297C5051006ED080 /* Preview Content */,
			);
			path = POCTaskAsyncAwait;
			sourceTree = "<group>";
		};
		62E1525B297C5051006ED080 /* Preview Content */ = {
			isa = PBXGroup;
			children = (
				62E1525C297C5051006ED080 /* Preview Assets.xcassets */,
			);
			path = "Preview Content";
			sourceTree = "<group>";
		};
/* End PBXGroup section */

/* Begin PBXNativeTarget section */
		621E73BB297C58F6009CB012 /* POCTaskAsyncAwaitTests */ = {
			isa = PBXNativeTarget;
			buildConfigurationList = 621E73C2297C58F6009CB012 /* Build configuration list for PBXNativeTarget "POCTaskAsyncAwaitTests" */;
			buildPhases = (
				621E73B8297C58F6009CB012 /* Sources */,
				621E73B9297C58F6009CB012 /* Frameworks */,
				621E73BA297C58F6009CB012 /* Resources */,
			);
			buildRules = (
			);
			dependencies = (
				621E73C1297C58F6009CB012 /* PBXTargetDependency */,
			);
			name = POCTaskAsyncAwaitTests;
			productName = POCTaskAsyncAwaitTests;
			productReference = 621E73BC297C58F6009CB012 /* POCTaskAsyncAwaitTests.xctest */;
			productType = "com.apple.product-type.bundle.unit-test";
		};
		62E15251297C504E006ED080 /* POCTaskAsyncAwait */ = {
			isa = PBXNativeTarget;
			buildConfigurationList = 62E15260297C5051006ED080 /* Build configuration list for PBXNativeTarget "POCTaskAsyncAwait" */;
			buildPhases = (
				62E1524E297C504E006ED080 /* Sources */,
				62E1524F297C504E006ED080 /* Frameworks */,
				62E15250297C504E006ED080 /* Resources */,
			);
			buildRules = (
			);
			dependencies = (
			);
			name = POCTaskAsyncAwait;
			productName = POCTaskAsyncAwait;
			productReference = 62E15252297C504E006ED080 /* POCTaskAsyncAwait.app */;
			productType = "com.apple.product-type.application";
		};
/* End PBXNativeTarget section */

/* Begin PBXProject section */
		62E1524A297C504E006ED080 /* Project object */ = {
			isa = PBXProject;
			attributes = {
				BuildIndependentTargetsInParallel = 1;
				LastSwiftUpdateCheck = 1420;
				LastUpgradeCheck = 1420;
				TargetAttributes = {
					621E73BB297C58F6009CB012 = {
						CreatedOnToolsVersion = 14.2;
						TestTargetID = 62E15251297C504E006ED080;
					};
					62E15251297C504E006ED080 = {
						CreatedOnToolsVersion = 14.2;
					};
				};
			};
			buildConfigurationList = 62E1524D297C504E006ED080 /* Build configuration list for PBXProject "POCTaskAsyncAwait" */;
			compatibilityVersion = "Xcode 14.0";
			developmentRegion = en;
			hasScannedForEncodings = 0;
			knownRegions = (
				en,
				Base,
			);
			mainGroup = 62E15249297C504E006ED080;
			productRefGroup = 62E15253297C504E006ED080 /* Products */;
			projectDirPath = "";
			projectRoot = "";
			targets = (
				62E15251297C504E006ED080 /* POCTaskAsyncAwait */,
				621E73BB297C58F6009CB012 /* POCTaskAsyncAwaitTests */,
			);
		};
/* End PBXProject section */

/* Begin PBXResourcesBuildPhase section */
		621E73BA297C58F6009CB012 /* Resources */ = {
			isa = PBXResourcesBuildPhase;
			buildActionMask = 2147483647;
			files = (
			);
			runOnlyForDeploymentPostprocessing = 0;
		};
		62E15250297C504E006ED080 /* Resources */ = {
			isa = PBXResourcesBuildPhase;
			buildActionMask = 2147483647;
			files = (
				62E1525D297C5051006ED080 /* Preview Assets.xcassets in Resources */,
				62E1525A297C5051006ED080 /* Assets.xcassets in Resources */,
			);
			runOnlyForDeploymentPostprocessing = 0;
		};
/* End PBXResourcesBuildPhase section */

/* Begin PBXSourcesBuildPhase section */
		621E73B8297C58F6009CB012 /* Sources */ = {
			isa = PBXSourcesBuildPhase;
			buildActionMask = 2147483647;
			files = (
				621E73BF297C58F6009CB012 /* RandomUsersClientApiTests.swift in Sources */,
			);
			runOnlyForDeploymentPostprocessing = 0;
		};
		62E1524E297C504E006ED080 /* Sources */ = {
			isa = PBXSourcesBuildPhase;
			buildActionMask = 2147483647;
			files = (
				621E73B7297C5210009CB012 /* User.swift in Sources */,
				621E73CA297D77BC009CB012 /* UsersListViewModel.swift in Sources */,
				621E73C8297C5DC4009CB012 /* UsersListView.swift in Sources */,
				621E73B3297C51DA009CB012 /* RandomUsersClientApi.swift in Sources */,
				62E15256297C504E006ED080 /* POCTaskAsyncAwaitApp.swift in Sources */,
			);
			runOnlyForDeploymentPostprocessing = 0;
		};
/* End PBXSourcesBuildPhase section */

/* Begin PBXTargetDependency section */
		621E73C1297C58F6009CB012 /* PBXTargetDependency */ = {
			isa = PBXTargetDependency;
			target = 62E15251297C504E006ED080 /* POCTaskAsyncAwait */;
			targetProxy = 621E73C0297C58F6009CB012 /* PBXContainerItemProxy */;
		};
/* End PBXTargetDependency section */

/* Begin XCBuildConfiguration section */
		621E73C3297C58F6009CB012 /* Debug */ = {
			isa = XCBuildConfiguration;
			buildSettings = {
				BUNDLE_LOADER = "$(TEST_HOST)";
				CODE_SIGN_STYLE = Automatic;
				CURRENT_PROJECT_VERSION = 1;
				DEVELOPMENT_TEAM = 9Q7WXM5HXQ;
				GENERATE_INFOPLIST_FILE = YES;
				MARKETING_VERSION = 1.0;
				PRODUCT_BUNDLE_IDENTIFIER = com.peroteau.herve.POCTaskAsyncAwaitTests;
				PRODUCT_NAME = "$(TARGET_NAME)";
				SWIFT_EMIT_LOC_STRINGS = NO;
				SWIFT_VERSION = 5.0;
				TARGETED_DEVICE_FAMILY = "1,2";
				TEST_HOST = "$(BUILT_PRODUCTS_DIR)/POCTaskAsyncAwait.app/$(BUNDLE_EXECUTABLE_FOLDER_PATH)/POCTaskAsyncAwait";
			};
			name = Debug;
		};
		621E73C4297C58F6009CB012 /* Release */ = {
			isa = XCBuildConfiguration;
			buildSettings = {
				BUNDLE_LOADER = "$(TEST_HOST)";
				CODE_SIGN_STYLE = Automatic;
				CURRENT_PROJECT_VERSION = 1;
				DEVELOPMENT_TEAM = 9Q7WXM5HXQ;
				GENERATE_INFOPLIST_FILE = YES;
				MARKETING_VERSION = 1.0;
				PRODUCT_BUNDLE_IDENTIFIER = com.peroteau.herve.POCTaskAsyncAwaitTests;
				PRODUCT_NAME = "$(TARGET_NAME)";
				SWIFT_EMIT_LOC_STRINGS = NO;
				SWIFT_VERSION = 5.0;
				TARGETED_DEVICE_FAMILY = "1,2";
				TEST_HOST = "$(BUILT_PRODUCTS_DIR)/POCTaskAsyncAwait.app/$(BUNDLE_EXECUTABLE_FOLDER_PATH)/POCTaskAsyncAwait";
			};
			name = Release;
		};
		62E1525E297C5051006ED080 /* Debug */ = {
			isa = XCBuildConfiguration;
			buildSettings = {
				ALWAYS_SEARCH_USER_PATHS = NO;
				CLANG_ANALYZER_NONNULL = YES;
				CLANG_ANALYZER_NUMBER_OBJECT_CONVERSION = YES_AGGRESSIVE;
				CLANG_CXX_LANGUAGE_STANDARD = "gnu++20";
				CLANG_ENABLE_MODULES = YES;
				CLANG_ENABLE_OBJC_ARC = YES;
				CLANG_ENABLE_OBJC_WEAK = YES;
				CLANG_WARN_BLOCK_CAPTURE_AUTORELEASING = YES;
				CLANG_WARN_BOOL_CONVERSION = YES;
				CLANG_WARN_COMMA = YES;
				CLANG_WARN_CONSTANT_CONVERSION = YES;
				CLANG_WARN_DEPRECATED_OBJC_IMPLEMENTATIONS = YES;
				CLANG_WARN_DIRECT_OBJC_ISA_USAGE = YES_ERROR;
				CLANG_WARN_DOCUMENTATION_COMMENTS = YES;
				CLANG_WARN_EMPTY_BODY = YES;
				CLANG_WARN_ENUM_CONVERSION = YES;
				CLANG_WARN_INFINITE_RECURSION = YES;
				CLANG_WARN_INT_CONVERSION = YES;
				CLANG_WARN_NON_LITERAL_NULL_CONVERSION = YES;
				CLANG_WARN_OBJC_IMPLICIT_RETAIN_SELF = YES;
				CLANG_WARN_OBJC_LITERAL_CONVERSION = YES;
				CLANG_WARN_OBJC_ROOT_CLASS = YES_ERROR;
				CLANG_WARN_QUOTED_INCLUDE_IN_FRAMEWORK_HEADER = YES;
				CLANG_WARN_RANGE_LOOP_ANALYSIS = YES;
				CLANG_WARN_STRICT_PROTOTYPES = YES;
				CLANG_WARN_SUSPICIOUS_MOVE = YES;
				CLANG_WARN_UNGUARDED_AVAILABILITY = YES_AGGRESSIVE;
				CLANG_WARN_UNREACHABLE_CODE = YES;
				CLANG_WARN__DUPLICATE_METHOD_MATCH = YES;
				COPY_PHASE_STRIP = NO;
				DEBUG_INFORMATION_FORMAT = dwarf;
				ENABLE_STRICT_OBJC_MSGSEND = YES;
				ENABLE_TESTABILITY = YES;
				GCC_C_LANGUAGE_STANDARD = gnu11;
				GCC_DYNAMIC_NO_PIC = NO;
				GCC_NO_COMMON_BLOCKS = YES;
				GCC_OPTIMIZATION_LEVEL = 0;
				GCC_PREPROCESSOR_DEFINITIONS = (
					"DEBUG=1",
					"$(inherited)",
				);
				GCC_WARN_64_TO_32_BIT_CONVERSION = YES;
				GCC_WARN_ABOUT_RETURN_TYPE = YES_ERROR;
				GCC_WARN_UNDECLARED_SELECTOR = YES;
				GCC_WARN_UNINITIALIZED_AUTOS = YES_AGGRESSIVE;
				GCC_WARN_UNUSED_FUNCTION = YES;
				GCC_WARN_UNUSED_VARIABLE = YES;
				IPHONEOS_DEPLOYMENT_TARGET = 16.2;
				MTL_ENABLE_DEBUG_INFO = INCLUDE_SOURCE;
				MTL_FAST_MATH = YES;
				ONLY_ACTIVE_ARCH = YES;
				SDKROOT = iphoneos;
				SWIFT_ACTIVE_COMPILATION_CONDITIONS = DEBUG;
				SWIFT_OPTIMIZATION_LEVEL = "-Onone";
			};
			name = Debug;
		};
		62E1525F297C5051006ED080 /* Release */ = {
			isa = XCBuildConfiguration;
			buildSettings = {
				ALWAYS_SEARCH_USER_PATHS = NO;
				CLANG_ANALYZER_NONNULL = YES;
				CLANG_ANALYZER_NUMBER_OBJECT_CONVERSION = YES_AGGRESSIVE;
				CLANG_CXX_LANGUAGE_STANDARD = "gnu++20";
				CLANG_ENABLE_MODULES = YES;
				CLANG_ENABLE_OBJC_ARC = YES;
				CLANG_ENABLE_OBJC_WEAK = YES;
				CLANG_WARN_BLOCK_CAPTURE_AUTORELEASING = YES;
				CLANG_WARN_BOOL_CONVERSION = YES;
				CLANG_WARN_COMMA = YES;
				CLANG_WARN_CONSTANT_CONVERSION = YES;
				CLANG_WARN_DEPRECATED_OBJC_IMPLEMENTATIONS = YES;
				CLANG_WARN_DIRECT_OBJC_ISA_USAGE = YES_ERROR;
				CLANG_WARN_DOCUMENTATION_COMMENTS = YES;
				CLANG_WARN_EMPTY_BODY = YES;
				CLANG_WARN_ENUM_CONVERSION = YES;
				CLANG_WARN_INFINITE_RECURSION = YES;
				CLANG_WARN_INT_CONVERSION = YES;
				CLANG_WARN_NON_LITERAL_NULL_CONVERSION = YES;
				CLANG_WARN_OBJC_IMPLICIT_RETAIN_SELF = YES;
				CLANG_WARN_OBJC_LITERAL_CONVERSION = YES;
				CLANG_WARN_OBJC_ROOT_CLASS = YES_ERROR;
				CLANG_WARN_QUOTED_INCLUDE_IN_FRAMEWORK_HEADER = YES;
				CLANG_WARN_RANGE_LOOP_ANALYSIS = YES;
				CLANG_WARN_STRICT_PROTOTYPES = YES;
				CLANG_WARN_SUSPICIOUS_MOVE = YES;
				CLANG_WARN_UNGUARDED_AVAILABILITY = YES_AGGRESSIVE;
				CLANG_WARN_UNREACHABLE_CODE = YES;
				CLANG_WARN__DUPLICATE_METHOD_MATCH = YES;
				COPY_PHASE_STRIP = NO;
				DEBUG_INFORMATION_FORMAT = "dwarf-with-dsym";
				ENABLE_NS_ASSERTIONS = NO;
				ENABLE_STRICT_OBJC_MSGSEND = YES;
				GCC_C_LANGUAGE_STANDARD = gnu11;
				GCC_NO_COMMON_BLOCKS = YES;
				GCC_WARN_64_TO_32_BIT_CONVERSION = YES;
				GCC_WARN_ABOUT_RETURN_TYPE = YES_ERROR;
				GCC_WARN_UNDECLARED_SELECTOR = YES;
				GCC_WARN_UNINITIALIZED_AUTOS = YES_AGGRESSIVE;
				GCC_WARN_UNUSED_FUNCTION = YES;
				GCC_WARN_UNUSED_VARIABLE = YES;
				IPHONEOS_DEPLOYMENT_TARGET = 16.2;
				MTL_ENABLE_DEBUG_INFO = NO;
				MTL_FAST_MATH = YES;
				SDKROOT = iphoneos;
				SWIFT_COMPILATION_MODE = wholemodule;
				SWIFT_OPTIMIZATION_LEVEL = "-O";
				VALIDATE_PRODUCT = YES;
			};
			name = Release;
		};
		62E15261297C5051006ED080 /* Debug */ = {
			isa = XCBuildConfiguration;
			buildSettings = {
				ASSETCATALOG_COMPILER_APPICON_NAME = AppIcon;
				ASSETCATALOG_COMPILER_GLOBAL_ACCENT_COLOR_NAME = AccentColor;
				CODE_SIGN_STYLE = Automatic;
				CURRENT_PROJECT_VERSION = 1;
				DEVELOPMENT_ASSET_PATHS = "\"POCTaskAsyncAwait/Preview Content\"";
				DEVELOPMENT_TEAM = 9Q7WXM5HXQ;
				ENABLE_PREVIEWS = YES;
				GENERATE_INFOPLIST_FILE = YES;
				INFOPLIST_KEY_UIApplicationSceneManifest_Generation = YES;
				INFOPLIST_KEY_UIApplicationSupportsIndirectInputEvents = YES;
				INFOPLIST_KEY_UILaunchScreen_Generation = YES;
				INFOPLIST_KEY_UISupportedInterfaceOrientations_iPad = "UIInterfaceOrientationPortrait UIInterfaceOrientationPortraitUpsideDown UIInterfaceOrientationLandscapeLeft UIInterfaceOrientationLandscapeRight";
				INFOPLIST_KEY_UISupportedInterfaceOrientations_iPhone = "UIInterfaceOrientationPortrait UIInterfaceOrientationLandscapeLeft UIInterfaceOrientationLandscapeRight";
				LD_RUNPATH_SEARCH_PATHS = (
					"$(inherited)",
					"@executable_path/Frameworks",
				);
				MARKETING_VERSION = 1.0;
				PRODUCT_BUNDLE_IDENTIFIER = com.peroteau.herve.POCTaskAsyncAwait;
				PRODUCT_NAME = "$(TARGET_NAME)";
				SWIFT_EMIT_LOC_STRINGS = YES;
				SWIFT_VERSION = 5.0;
				TARGETED_DEVICE_FAMILY = "1,2";
			};
			name = Debug;
		};
		62E15262297C5051006ED080 /* Release */ = {
			isa = XCBuildConfiguration;
			buildSettings = {
				ASSETCATALOG_COMPILER_APPICON_NAME = AppIcon;
				ASSETCATALOG_COMPILER_GLOBAL_ACCENT_COLOR_NAME = AccentColor;
				CODE_SIGN_STYLE = Automatic;
				CURRENT_PROJECT_VERSION = 1;
				DEVELOPMENT_ASSET_PATHS = "\"POCTaskAsyncAwait/Preview Content\"";
				DEVELOPMENT_TEAM = 9Q7WXM5HXQ;
				ENABLE_PREVIEWS = YES;
				GENERATE_INFOPLIST_FILE = YES;
				INFOPLIST_KEY_UIApplicationSceneManifest_Generation = YES;
				INFOPLIST_KEY_UIApplicationSupportsIndirectInputEvents = YES;
				INFOPLIST_KEY_UILaunchScreen_Generation = YES;
				INFOPLIST_KEY_UISupportedInterfaceOrientations_iPad = "UIInterfaceOrientationPortrait UIInterfaceOrientationPortraitUpsideDown UIInterfaceOrientationLandscapeLeft UIInterfaceOrientationLandscapeRight";
				INFOPLIST_KEY_UISupportedInterfaceOrientations_iPhone = "UIInterfaceOrientationPortrait UIInterfaceOrientationLandscapeLeft UIInterfaceOrientationLandscapeRight";
				LD_RUNPATH_SEARCH_PATHS = (
					"$(inherited)",
					"@executable_path/Frameworks",
				);
				MARKETING_VERSION = 1.0;
				PRODUCT_BUNDLE_IDENTIFIER = com.peroteau.herve.POCTaskAsyncAwait;
				PRODUCT_NAME = "$(TARGET_NAME)";
				SWIFT_EMIT_LOC_STRINGS = YES;
				SWIFT_VERSION = 5.0;
				TARGETED_DEVICE_FAMILY = "1,2";
			};
			name = Release;
		};
/* End XCBuildConfiguration section */

/* Begin XCConfigurationList section */
		621E73C2297C58F6009CB012 /* Build configuration list for PBXNativeTarget "POCTaskAsyncAwaitTests" */ = {
			isa = XCConfigurationList;
			buildConfigurations = (
				621E73C3297C58F6009CB012 /* Debug */,
				621E73C4297C58F6009CB012 /* Release */,
			);
			defaultConfigurationIsVisible = 0;
			defaultConfigurationName = Release;
		};
		62E1524D297C504E006ED080 /* Build configuration list for PBXProject "POCTaskAsyncAwait" */ = {
			isa = XCConfigurationList;
			buildConfigurations = (
				62E1525E297C5051006ED080 /* Debug */,
				62E1525F297C5051006ED080 /* Release */,
			);
			defaultConfigurationIsVisible = 0;
			defaultConfigurationName = Release;
		};
		62E15260297C5051006ED080 /* Build configuration list for PBXNativeTarget "POCTaskAsyncAwait" */ = {
			isa = XCConfigurationList;
			buildConfigurations = (
				62E15261297C5051006ED080 /* Debug */,
				62E15262297C5051006ED080 /* Release */,
			);
			defaultConfigurationIsVisible = 0;
			defaultConfigurationName = Release;
		};
/* End XCConfigurationList section */
	};
	rootObject = 62E1524A297C504E006ED080 /* Project object */;
}
